
Microsoft Visual Studio Solution File, Format Version 12.00
# Visual Studio Version 17
VisualStudioVersion = 17.9.34728.123
MinimumVisualStudioVersion = 10.0.40219.1
Project("{888888A0-9F3D-457C-B088-3A5042F75D52}") = "practice 1 C3", "practice 1 C3\practice 1 C3.pyproj", "{8FE2BDAC-A184-4973-88D6-E69F9B785FD1}"
EndProject
Global
	GlobalSection(SolutionConfigurationPlatforms) = preSolution
		Debug|Any CPU = Debug|Any CPU
		Release|Any CPU = Release|Any CPU
	EndGlobalSection
	GlobalSection(ProjectConfigurationPlatforms) = postSolution
		{8FE2BDAC-A184-4973-88D6-E69F9B785FD1}.Debug|Any CPU.ActiveCfg = Debug|Any CPU
		{8FE2BDAC-A184-4973-88D6-E69F9B785FD1}.Release|Any CPU.ActiveCfg = Release|Any CPU
	EndGlobalSection
	GlobalSection(SolutionProperties) = preSolution
		HideSolutionNode = FALSE
	EndGlobalSection
	GlobalSection(ExtensibilityGlobals) = postSolution
		SolutionGuid = {0705842F-4556-4651-B93D-67D422427150}
	EndGlobalSection
EndGlobal
